// !$*UTF8*$!
{
	archiveVersion = 1;
	classes = {
	};
	objectVersion = 46;
	objects = {

/* Begin PBXBuildFile section */
		638558CE1A2C9BDD00997761 /* main.m in Sources */ = {isa = PBXBuildFile; fileRef = 638558CD1A2C9BDD00997761 /* main.m */; };
		638558D11A2C9BDD00997761 /* AppDelegate.m in Sources */ = {isa = PBXBuildFile; fileRef = 638558D01A2C9BDD00997761 /* AppDelegate.m */; };
		638558D41A2C9BDD00997761 /* ViewController.m in Sources */ = {isa = PBXBuildFile; fileRef = 638558D31A2C9BDD00997761 /* ViewController.m */; };
		638558D71A2C9BDD00997761 /* Main.storyboard in Resources */ = {isa = PBXBuildFile; fileRef = 638558D51A2C9BDD00997761 /* Main.storyboard */; };
		638558D91A2C9BDD00997761 /* Images.xcassets in Resources */ = {isa = PBXBuildFile; fileRef = 638558D81A2C9BDD00997761 /* Images.xcassets */; };
		638558DC1A2C9BDD00997761 /* LaunchScreen.xib in Resources */ = {isa = PBXBuildFile; fileRef = 638558DA1A2C9BDD00997761 /* LaunchScreen.xib */; };
		638558E81A2C9BDD00997761 /* EmployeeKioskTests.m in Sources */ = {isa = PBXBuildFile; fileRef = 638558E71A2C9BDD00997761 /* EmployeeKioskTests.m */; };
/* End PBXBuildFile section */

/* Begin PBXContainerItemProxy section */
		638558E21A2C9BDD00997761 /* PBXContainerItemProxy */ = {
			isa = PBXContainerItemProxy;
			containerPortal = 638558C01A2C9BDD00997761 /* Project object */;
			proxyType = 1;
			remoteGlobalIDString = 638558C71A2C9BDD00997761;
			remoteInfo = EmployeeKiosk;
		};
/* End PBXContainerItemProxy section */

/* Begin PBXFileReference section */
		638558C81A2C9BDD00997761 /* EmployeeKiosk.app */ = {isa = PBXFileReference; explicitFileType = wrapper.application; includeInIndex = 0; path = EmployeeKiosk.app; sourceTree = BUILT_PRODUCTS_DIR; };
		638558CC1A2C9BDD00997761 /* Info.plist */ = {isa = PBXFileReference; lastKnownFileType = text.plist.xml; path = Info.plist; sourceTree = "<group>"; };
		638558CD1A2C9BDD00997761 /* main.m */ = {isa = PBXFileReference; lastKnownFileType = sourcecode.c.objc; path = main.m; sourceTree = "<group>"; };
		638558CF1A2C9BDD00997761 /* AppDelegate.h */ = {isa = PBXFileReference; lastKnownFileType = sourcecode.c.h; path = AppDelegate.h; sourceTree = "<group>"; };
		638558D01A2C9BDD00997761 /* AppDelegate.m */ = {isa = PBXFileReference; lastKnownFileType = sourcecode.c.objc; path = AppDelegate.m; sourceTree = "<group>"; };
		638558D21A2C9BDD00997761 /* ViewController.h */ = {isa = PBXFileReference; lastKnownFileType = sourcecode.c.h; path = ViewController.h; sourceTree = "<group>"; };
		638558D31A2C9BDD00997761 /* ViewController.m */ = {isa = PBXFileReference; lastKnownFileType = sourcecode.c.objc; path = ViewController.m; sourceTree = "<group>"; };
		638558D61A2C9BDD00997761 /* Base */ = {isa = PBXFileReference; lastKnownFileType = file.storyboard; name = Base; path = Base.lproj/Main.storyboard; sourceTree = "<group>"; };
		638558D81A2C9BDD00997761 /* Images.xcassets */ = {isa = PBXFileReference; lastKnownFileType = folder.assetcatalog; path = Images.xcassets; sourceTree = "<group>"; };
		638558DB1A2C9BDD00997761 /* Base */ = {isa = PBXFileReference; lastKnownFileType = file.xib; name = Base; path = Base.lproj/LaunchScreen.xib; sourceTree = "<group>"; };
		638558E11A2C9BDD00997761 /* EmployeeKioskTests.xctest */ = {isa = PBXFileReference; explicitFileType = wrapper.cfbundle; includeInIndex = 0; path = EmployeeKioskTests.xctest; sourceTree = BUILT_PRODUCTS_DIR; };
		638558E61A2C9BDD00997761 /* Info.plist */ = {isa = PBXFileReference; lastKnownFileType = text.plist.xml; path = Info.plist; sourceTree = "<group>"; };
		638558E71A2C9BDD00997761 /* EmployeeKioskTests.m */ = {isa = PBXFileReference; lastKnownFileType = sourcecode.c.objc; path = EmployeeKioskTests.m; sourceTree = "<group>"; };
/* End PBXFileReference section */

/* Begin PBXFrameworksBuildPhase section */
		638558C51A2C9BDD00997761 /* Frameworks */ = {
			isa = PBXFrameworksBuildPhase;
			buildActionMask = 2147483647;
			files = (
			);
			runOnlyForDeploymentPostprocessing = 0;
		};
		638558DE1A2C9BDD00997761 /* Frameworks */ = {
			isa = PBXFrameworksBuildPhase;
			buildActionMask = 2147483647;
			files = (
			);
			runOnlyForDeploymentPostprocessing = 0;
		};
/* End PBXFrameworksBuildPhase section */

/* Begin PBXGroup section */
		638558BF1A2C9BDD00997761 = {
			isa = PBXGroup;
			children = (
				638558CA1A2C9BDD00997761 /* EmployeeKiosk */,
				638558E41A2C9BDD00997761 /* EmployeeKioskTests */,
				638558C91A2C9BDD00997761 /* Products */,
			);
			sourceTree = "<group>";
		};
		638558C91A2C9BDD00997761 /* Products */ = {
			isa = PBXGroup;
			children = (
				638558C81A2C9BDD00997761 /* EmployeeKiosk.app */,
				638558E11A2C9BDD00997761 /* EmployeeKioskTests.xctest */,
			);
			name = Products;
			sourceTree = "<group>";
		};
		638558CA1A2C9BDD00997761 /* EmployeeKiosk */ = {
			isa = PBXGroup;
			children = (
				638558CF1A2C9BDD00997761 /* AppDelegate.h */,
				638558D01A2C9BDD00997761 /* AppDelegate.m */,
				638558D21A2C9BDD00997761 /* ViewController.h */,
				638558D31A2C9BDD00997761 /* ViewController.m */,
				638558D51A2C9BDD00997761 /* Main.storyboard */,
				638558D81A2C9BDD00997761 /* Images.xcassets */,
				638558DA1A2C9BDD00997761 /* LaunchScreen.xib */,
				638558CB1A2C9BDD00997761 /* Supporting Files */,
			);
			path = EmployeeKiosk;
			sourceTree = "<group>";
		};
		638558CB1A2C9BDD00997761 /* Supporting Files */ = {
			isa = PBXGroup;
			children = (
				638558CC1A2C9BDD00997761 /* Info.plist */,
				638558CD1A2C9BDD00997761 /* main.m */,
			);
			name = "Supporting Files";
			sourceTree = "<group>";
		};
		638558E41A2C9BDD00997761 /* EmployeeKioskTests */ = {
			isa = PBXGroup;
			children = (
				638558E71A2C9BDD00997761 /* EmployeeKioskTests.m */,
				638558E51A2C9BDD00997761 /* Supporting Files */,
			);
			path = EmployeeKioskTests;
			sourceTree = "<group>";
		};
		638558E51A2C9BDD00997761 /* Supporting Files */ = {
			isa = PBXGroup;
			children = (
				638558E61A2C9BDD00997761 /* Info.plist */,
			);
			name = "Supporting Files";
			sourceTree = "<group>";
		};
/* End PBXGroup section */

/* Begin PBXNativeTarget section */
		638558C71A2C9BDD00997761 /* EmployeeKiosk */ = {
			isa = PBXNativeTarget;
			buildConfigurationList = 638558EB1A2C9BDD00997761 /* Build configuration list for PBXNativeTarget "EmployeeKiosk" */;
			buildPhases = (
				638558C41A2C9BDD00997761 /* Sources */,
				638558C51A2C9BDD00997761 /* Frameworks */,
				638558C61A2C9BDD00997761 /* Resources */,
			);
			buildRules = (
			);
			dependencies = (
			);
			name = EmployeeKiosk;
			productName = EmployeeKiosk;
			productReference = 638558C81A2C9BDD00997761 /* EmployeeKiosk.app */;
			productType = "com.apple.product-type.application";
		};
		638558E01A2C9BDD00997761 /* EmployeeKioskTests */ = {
			isa = PBXNativeTarget;
			buildConfigurationList = 638558EE1A2C9BDD00997761 /* Build configuration list for PBXNativeTarget "EmployeeKioskTests" */;
			buildPhases = (
				638558DD1A2C9BDD00997761 /* Sources */,
				638558DE1A2C9BDD00997761 /* Frameworks */,
				638558DF1A2C9BDD00997761 /* Resources */,
			);
			buildRules = (
			);
			dependencies = (
				638558E31A2C9BDD00997761 /* PBXTargetDependency */,
			);
			name = EmployeeKioskTests;
			productName = EmployeeKioskTests;
			productReference = 638558E11A2C9BDD00997761 /* EmployeeKioskTests.xctest */;
			productType = "com.apple.product-type.bundle.unit-test";
		};
/* End PBXNativeTarget section */

/* Begin PBXProject section */
		638558C01A2C9BDD00997761 /* Project object */ = {
			isa = PBXProject;
			attributes = {
				LastUpgradeCheck = 0610;
				ORGANIZATIONNAME = MyTectra;
				TargetAttributes = {
					638558C71A2C9BDD00997761 = {
						CreatedOnToolsVersion = 6.1;
					};
					638558E01A2C9BDD00997761 = {
						CreatedOnToolsVersion = 6.1;
						TestTargetID = 638558C71A2C9BDD00997761;
					};
				};
			};
			buildConfigurationList = 638558C31A2C9BDD00997761 /* Build configuration list for PBXProject "EmployeeKiosk" */;
			compatibilityVersion = "Xcode 3.2";
			developmentRegion = English;
			hasScannedForEncodings = 0;
			knownRegions = (
				en,
				Base,
			);
			mainGroup = 638558BF1A2C9BDD00997761;
			productRefGroup = 638558C91A2C9BDD00997761 /* Products */;
			projectDirPath = "";
			projectRoot = "";
			targets = (
				638558C71A2C9BDD00997761 /* EmployeeKiosk */,
				638558E01A2C9BDD00997761 /* EmployeeKioskTests */,
			);
		};
/* End PBXProject section */

/* Begin PBXResourcesBuildPhase section */
		638558C61A2C9BDD00997761 /* Resources */ = {
			isa = PBXResourcesBuildPhase;
			buildActionMask = 2147483647;
			files = (
				638558D71A2C9BDD00997761 /* Main.storyboard in Resources */,
				638558DC1A2C9BDD00997761 /* LaunchScreen.xib in Resources */,
				638558D91A2C9BDD00997761 /* Images.xcassets in Resources */,
			);
			runOnlyForDeploymentPostprocessing = 0;
		};
		638558DF1A2C9BDD00997761 /* Resources */ = {
			isa = PBXResourcesBuildPhase;
			buildActionMask = 2147483647;
			files = (
			);
			runOnlyForDeploymentPostprocessing = 0;
		};
/* End PBXResourcesBuildPhase section */

/* Begin PBXSourcesBuildPhase section */
		638558C41A2C9BDD00997761 /* Sources */ = {
			isa = PBXSourcesBuildPhase;
			buildActionMask = 2147483647;
			files = (
				638558D41A2C9BDD00997761 /* ViewController.m in Sources */,
				638558D11A2C9BDD00997761 /* AppDelegate.m in Sources */,
				638558CE1A2C9BDD00997761 /* main.m in Sources */,
			);
			runOnlyForDeploymentPostprocessing = 0;
		};
		638558DD1A2C9BDD00997761 /* Sources */ = {
			isa = PBXSourcesBuildPhase;
			buildActionMask = 2147483647;
			files = (
				638558E81A2C9BDD00997761 /* EmployeeKioskTests.m in Sources */,
			);
			runOnlyForDeploymentPostprocessing = 0;
		};
/* End PBXSourcesBuildPhase section */

/* Begin PBXTargetDependency section */
		638558E31A2C9BDD00997761 /* PBXTargetDependency */ = {
			isa = PBXTargetDependency;
			target = 638558C71A2C9BDD00997761 /* EmployeeKiosk */;
			targetProxy = 638558E21A2C9BDD00997761 /* PBXContainerItemProxy */;
		};
/* End PBXTargetDependency section */

/* Begin PBXVariantGroup section */
		638558D51A2C9BDD00997761 /* Main.storyboard */ = {
			isa = PBXVariantGroup;
			children = (
				638558D61A2C9BDD00997761 /* Base */,
			);
			name = Main.storyboard;
			sourceTree = "<group>";
		};
		638558DA1A2C9BDD00997761 /* LaunchScreen.xib */ = {
			isa = PBXVariantGroup;
			children = (
				638558DB1A2C9BDD00997761 /* Base */,
			);
			name = LaunchScreen.xib;
			sourceTree = "<group>";
		};
/* End PBXVariantGroup section */

/* Begin XCBuildConfiguration section */
		638558E91A2C9BDD00997761 /* Debug */ = {
			isa = XCBuildConfiguration;
			buildSettings = {
				ALWAYS_SEARCH_USER_PATHS = NO;
				CLANG_CXX_LANGUAGE_STANDARD = "gnu++0x";
				CLANG_CXX_LIBRARY = "libc++";
				CLANG_ENABLE_MODULES = YES;
				CLANG_ENABLE_OBJC_ARC = YES;
				CLANG_WARN_BOOL_CONVERSION = YES;
				CLANG_WARN_CONSTANT_CONVERSION = YES;
				CLANG_WARN_DIRECT_OBJC_ISA_USAGE = YES_ERROR;
				CLANG_WARN_EMPTY_BODY = YES;
				CLANG_WARN_ENUM_CONVERSION = YES;
				CLANG_WARN_INT_CONVERSION = YES;
				CLANG_WARN_OBJC_ROOT_CLASS = YES_ERROR;
				CLANG_WARN_UNREACHABLE_CODE = YES;
				CLANG_WARN__DUPLICATE_METHOD_MATCH = YES;
				"CODE_SIGN_IDENTITY[sdk=iphoneos*]" = "iPhone Developer";
				COPY_PHASE_STRIP = NO;
				ENABLE_STRICT_OBJC_MSGSEND = YES;
				GCC_C_LANGUAGE_STANDARD = gnu99;
				GCC_DYNAMIC_NO_PIC = NO;
				GCC_OPTIMIZATION_LEVEL = 0;
				GCC_PREPROCESSOR_DEFINITIONS = (
					"DEBUG=1",
					"$(inherited)",
				);
				GCC_SYMBOLS_PRIVATE_EXTERN = NO;
				GCC_WARN_64_TO_32_BIT_CONVERSION = YES;
				GCC_WARN_ABOUT_RETURN_TYPE = YES_ERROR;
				GCC_WARN_UNDECLARED_SELECTOR = YES;
				GCC_WARN_UNINITIALIZED_AUTOS = YES_AGGRESSIVE;
				GCC_WARN_UNUSED_FUNCTION = YES;
				GCC_WARN_UNUSED_VARIABLE = YES;
				IPHONEOS_DEPLOYMENT_TARGET = 8.1;
				MTL_ENABLE_DEBUG_INFO = YES;
				ONLY_ACTIVE_ARCH = YES;
				SDKROOT = iphoneos;
			};
			name = Debug;
		};
		638558EA1A2C9BDD00997761 /* Release */ = {
			isa = XCBuildConfiguration;
			buildSettings = {
				ALWAYS_SEARCH_USER_PATHS = NO;
				CLANG_CXX_LANGUAGE_STANDARD = "gnu++0x";
				CLANG_CXX_LIBRARY = "libc++";
				CLANG_ENABLE_MODULES = YES;
				CLANG_ENABLE_OBJC_ARC = YES;
				CLANG_WARN_BOOL_CONVERSION = YES;
				CLANG_WARN_CONSTANT_CONVERSION = YES;
				CLANG_WARN_DIRECT_OBJC_ISA_USAGE = YES_ERROR;
				CLANG_WARN_EMPTY_BODY = YES;
				CLANG_WARN_ENUM_CONVERSION = YES;
				CLANG_WARN_INT_CONVERSION = YES;
				CLANG_WARN_OBJC_ROOT_CLASS = YES_ERROR;
				CLANG_WARN_UNREACHABLE_CODE = YES;
				CLANG_WARN__DUPLICATE_METHOD_MATCH = YES;
				"CODE_SIGN_IDENTITY[sdk=iphoneos*]" = "iPhone Developer";
				COPY_PHASE_STRIP = YES;
				ENABLE_NS_ASSERTIONS = NO;
				ENABLE_STRICT_OBJC_MSGSEND = YES;
				GCC_C_LANGUAGE_STANDARD = gnu99;
				GCC_WARN_64_TO_32_BIT_CONVERSION = YES;
				GCC_WARN_ABOUT_RETURN_TYPE = YES_ERROR;
				GCC_WARN_UNDECLARED_SELECTOR = YES;
				GCC_WARN_UNINITIALIZED_AUTOS = YES_AGGRESSIVE;
				GCC_WARN_UNUSED_FUNCTION = YES;
				GCC_WARN_UNUSED_VARIABLE = YES;
				IPHONEOS_DEPLOYMENT_TARGET = 8.1;
				MTL_ENABLE_DEBUG_INFO = NO;
				SDKROOT = iphoneos;
				VALIDATE_PRODUCT = YES;
			};
			name = Release;
		};
		638558EC1A2C9BDD00997761 /* Debug */ = {
			isa = XCBuildConfiguration;
			buildSettings = {
				ASSETCATALOG_COMPILER_APPICON_NAME = AppIcon;
				INFOPLIST_FILE = EmployeeKiosk/Info.plist;
				LD_RUNPATH_SEARCH_PATHS = "$(inherited) @executable_path/Frameworks";
				PRODUCT_NAME = "$(TARGET_NAME)";
			};
			name = Debug;
		};
		638558ED1A2C9BDD00997761 /* Release */ = {
			isa = XCBuildConfiguration;
			buildSettings = {
				ASSETCATALOG_COMPILER_APPICON_NAME = AppIcon;
				INFOPLIST_FILE = EmployeeKiosk/Info.plist;
				LD_RUNPATH_SEARCH_PATHS = "$(inherited) @executable_path/Frameworks";
				PRODUCT_NAME = "$(TARGET_NAME)";
			};
			name = Release;
		};
		638558EF1A2C9BDD00997761 /* Debug */ = {
			isa = XCBuildConfiguration;
			buildSettings = {
				BUNDLE_LOADER = "$(TEST_HOST)";
				FRAMEWORK_SEARCH_PATHS = (
					"$(SDKROOT)/Developer/Library/Frameworks",
					"$(inherited)",
				);
				GCC_PREPROCESSOR_DEFINITIONS = (
					"DEBUG=1",
					"$(inherited)",
				);
				INFOPLIST_FILE = EmployeeKioskTests/Info.plist;
				LD_RUNPATH_SEARCH_PATHS = "$(inherited) @executable_path/Frameworks @loader_path/Frameworks";
				PRODUCT_NAME = "$(TARGET_NAME)";
				TEST_HOST = "$(BUILT_PRODUCTS_DIR)/EmployeeKiosk.app/EmployeeKiosk";
			};
			name = Debug;
		};
		638558F01A2C9BDD00997761 /* Release */ = {
			isa = XCBuildConfiguration;
			buildSettings = {
				BUNDLE_LOADER = "$(TEST_HOST)";
				FRAMEWORK_SEARCH_PATHS = (
					"$(SDKROOT)/Developer/Library/Frameworks",
					"$(inherited)",
				);
				INFOPLIST_FILE = EmployeeKioskTests/Info.plist;
				LD_RUNPATH_SEARCH_PATHS = "$(inherited) @executable_path/Frameworks @loader_path/Frameworks";
				PRODUCT_NAME = "$(TARGET_NAME)";
				TEST_HOST = "$(BUILT_PRODUCTS_DIR)/EmployeeKiosk.app/EmployeeKiosk";
			};
			name = Release;
		};
/* End XCBuildConfiguration section */

/* Begin XCConfigurationList section */
		638558C31A2C9BDD00997761 /* Build configuration list for PBXProject "EmployeeKiosk" */ = {
			isa = XCConfigurationList;
			buildConfigurations = (
				638558E91A2C9BDD00997761 /* Debug */,
				638558EA1A2C9BDD00997761 /* Release */,
			);
			defaultConfigurationIsVisible = 0;
			defaultConfigurationName = Release;
		};
		638558EB1A2C9BDD00997761 /* Build configuration list for PBXNativeTarget "EmployeeKiosk" */ = {
			isa = XCConfigurationList;
			buildConfigurations = (
				638558EC1A2C9BDD00997761 /* Debug */,
				638558ED1A2C9BDD00997761 /* Release */,
			);
			defaultConfigurationIsVisible = 0;
		};
		638558EE1A2C9BDD00997761 /* Build configuration list for PBXNativeTarget "EmployeeKioskTests" */ = {
			isa = XCConfigurationList;
			buildConfigurations = (
				638558EF1A2C9BDD00997761 /* Debug */,
				638558F01A2C9BDD00997761 /* Release */,
			);
			defaultConfigurationIsVisible = 0;
		};
/* End XCConfigurationList section */
	};
	rootObject = 638558C01A2C9BDD00997761 /* Project object */;
}
